
Microsoft Visual Studio Solution File, Format Version 12.00
# Visual Studio Version 17
VisualStudioVersion = 17.12.35506.116
MinimumVisualStudioVersion = 10.0.40219.1
Project("{FAE04EC0-301F-11D3-BF4B-00C04F79EFBC}") = "Simulator", "Simulator\Simulator.csproj", "{DEB88506-2E39-4C96-AF97-D68C16B0ECCA}"
EndProject
Project("{FAE04EC0-301F-11D3-BF4B-00C04F79EFBC}") = "Runner", "Runner\Runner.csproj", "{1A08CB09-65AB-420B-AE9D-A229C7966530}"
EndProject
Project("{FAE04EC0-301F-11D3-BF4B-00C04F79EFBC}") = "TestSimulator", "TestSimulator\TestSimulator.csproj", "{2EC94E6E-9386-4245-A3C7-96E99F25EF84}"
EndProject
Project("{FAE04EC0-301F-11D3-BF4B-00C04F79EFBC}") = "SimConsole", "SimConsole\SimConsole.csproj", "{A4FFAF36-0F88-487B-8923-D6229D75FCA6}"
EndProject
Global
	GlobalSection(SolutionConfigurationPlatforms) = preSolution
		Debug|Any CPU = Debug|Any CPU
		Release|Any CPU = Release|Any CPU
	EndGlobalSection
	GlobalSection(ProjectConfigurationPlatforms) = postSolution
		{DEB88506-2E39-4C96-AF97-D68C16B0ECCA}.Debug|Any CPU.ActiveCfg = Debug|Any CPU
		{DEB88506-2E39-4C96-AF97-D68C16B0ECCA}.Debug|Any CPU.Build.0 = Debug|Any CPU
		{DEB88506-2E39-4C96-AF97-D68C16B0ECCA}.Release|Any CPU.ActiveCfg = Release|Any CPU
		{DEB88506-2E39-4C96-AF97-D68C16B0ECCA}.Release|Any CPU.Build.0 = Release|Any CPU
		{1A08CB09-65AB-420B-AE9D-A229C7966530}.Debug|Any CPU.ActiveCfg = Debug|Any CPU
		{1A08CB09-65AB-420B-AE9D-A229C7966530}.Debug|Any CPU.Build.0 = Debug|Any CPU
		{1A08CB09-65AB-420B-AE9D-A229C7966530}.Release|Any CPU.ActiveCfg = Release|Any CPU
		{1A08CB09-65AB-420B-AE9D-A229C7966530}.Release|Any CPU.Build.0 = Release|Any CPU
		{2EC94E6E-9386-4245-A3C7-96E99F25EF84}.Debug|Any CPU.ActiveCfg = Debug|Any CPU
		{2EC94E6E-9386-4245-A3C7-96E99F25EF84}.Debug|Any CPU.Build.0 = Debug|Any CPU
		{2EC94E6E-9386-4245-A3C7-96E99F25EF84}.Release|Any CPU.ActiveCfg = Release|Any CPU
		{2EC94E6E-9386-4245-A3C7-96E99F25EF84}.Release|Any CPU.Build.0 = Release|Any CPU
		{A4FFAF36-0F88-487B-8923-D6229D75FCA6}.Debug|Any CPU.ActiveCfg = Debug|Any CPU
		{A4FFAF36-0F88-487B-8923-D6229D75FCA6}.Debug|Any CPU.Build.0 = Debug|Any CPU
		{A4FFAF36-0F88-487B-8923-D6229D75FCA6}.Release|Any CPU.ActiveCfg = Release|Any CPU
		{A4FFAF36-0F88-487B-8923-D6229D75FCA6}.Release|Any CPU.Build.0 = Release|Any CPU
	EndGlobalSection
	GlobalSection(SolutionProperties) = preSolution
		HideSolutionNode = FALSE
	EndGlobalSection
EndGlobal
